
Microsoft Visual Studio Solution File, Format Version 12.00
# Visual Studio Version 17
VisualStudioVersion = 17.9.34723.18
MinimumVisualStudioVersion = 10.0.40219.1
Project("{9A19103F-16F7-4668-BE54-9A1E7A4F7556}") = "DeepLReswTranslator", "DeepLReswTranslator\DeepLReswTranslator.csproj", "{38D05108-FC84-4FC1-994A-E3F5320EEE96}"
EndProject
Global
	GlobalSection(SolutionConfigurationPlatforms) = preSolution
		Debug|ARM64 = Debug|ARM64
		Debug|x64 = Debug|x64
		Debug|x86 = Debug|x86
		Release|ARM64 = Release|ARM64
		Release|x64 = Release|x64
		Release|x86 = Release|x86
	EndGlobalSection
	GlobalSection(ProjectConfigurationPlatforms) = postSolution
		{38D05108-FC84-4FC1-994A-E3F5320EEE96}.Debug|ARM64.ActiveCfg = Debug|ARM64
		{38D05108-FC84-4FC1-994A-E3F5320EEE96}.Debug|ARM64.Build.0 = Debug|ARM64
		{38D05108-FC84-4FC1-994A-E3F5320EEE96}.Debug|ARM64.Deploy.0 = Debug|ARM64
		{38D05108-FC84-4FC1-994A-E3F5320EEE96}.Debug|x64.ActiveCfg = Debug|x64
		{38D05108-FC84-4FC1-994A-E3F5320EEE96}.Debug|x64.Build.0 = Debug|x64
		{38D05108-FC84-4FC1-994A-E3F5320EEE96}.Debug|x64.Deploy.0 = Debug|x64
		{38D05108-FC84-4FC1-994A-E3F5320EEE96}.Debug|x86.ActiveCfg = Debug|x86
		{38D05108-FC84-4FC1-994A-E3F5320EEE96}.Debug|x86.Build.0 = Debug|x86
		{38D05108-FC84-4FC1-994A-E3F5320EEE96}.Debug|x86.Deploy.0 = Debug|x86
		{38D05108-FC84-4FC1-994A-E3F5320EEE96}.Release|ARM64.ActiveCfg = Release|ARM64
		{38D05108-FC84-4FC1-994A-E3F5320EEE96}.Release|ARM64.Build.0 = Release|ARM64
		{38D05108-FC84-4FC1-994A-E3F5320EEE96}.Release|x64.ActiveCfg = Release|x64
		{38D05108-FC84-4FC1-994A-E3F5320EEE96}.Release|x64.Build.0 = Release|x64
		{38D05108-FC84-4FC1-994A-E3F5320EEE96}.Release|x86.ActiveCfg = Release|x86
		{38D05108-FC84-4FC1-994A-E3F5320EEE96}.Release|x86.Build.0 = Release|x86
	EndGlobalSection
	GlobalSection(SolutionProperties) = preSolution
		HideSolutionNode = FALSE
	EndGlobalSection
	GlobalSection(ExtensibilityGlobals) = postSolution
		                SolutionGuid = {BC451E43-1460-4098-8C13-E0078E920292}
		SolutionGuid = {0FF8D906-DE25-4CD0-89EA-BB109DECDD11}
	EndGlobalSection
EndGlobal
